github.com/aryann/bencode v0.0.0-20201101024125-3539db93dd61 h1:GZzD2MMGIpL0idQR9Qj30jM+Zpamr2yTMGs4ieGRChI=
github.com/aryann/bencode v0.0.0-20201101024125-3539db93dd61/go.mod h1:Bik7eBhpUCeG/mMFuqn6C2qD2wFrBzcVrsgLTZfCHIw=
github.com/aryann/bencode v0.0.0-20201101024305-b9b392961c89 h1:aMHJ5l61WDBAVGCS/urtzpMyxdwvSCsjSUO/yTDuj0w=
github.com/aryann/bencode v0.0.0-20201101024305-b9b392961c89/go.mod h1:Bik7eBhpUCeG/mMFuqn6C2qD2wFrBzcVrsgLTZfCHIw=
github.com/aryann/bencode v0.0.0-20201101032432-cf8c66e923b5 h1:AgVSaCu8z9yalqPey3ULJXF/jsvmWh7oobxZQugCgmc=
github.com/aryann/bencode v0.0.0-20201101032432-cf8c66e923b5/go.mod h1:Bik7eBhpUCeG/mMFuqn6C2qD2wFrBzcVrsgLTZfCHIw=
